{
  "name": "maps",
  "lockfileVersion": 2,
  "requires": true,
  "packages": {
    "": {
      "dependencies": {
        "@types/faker": "^5.1.7",
        "@types/googlemaps": "^3.43.3",
        "faker": "^5.5.1"
      },
      "devDependencies": {
        "typescript": "^4.2.3"
      }
    },
    "node_modules/@types/faker": {
      "version": "5.1.7",
      "resolved": "https://registry.npmjs.org/@types/faker/-/faker-5.1.7.tgz",
      "integrity": "sha512-ByseCEyhb+64fapaFR/yASUfAU+Ia4LpCnHhoNMQJFSIBvbtFoEZQB0elwrSF/idpKL5OZvmZhCCukGV8Zi22w=="
    },
    "node_modules/@types/googlemaps": {
      "version": "3.43.3",
      "resolved": "https://registry.npmjs.org/@types/googlemaps/-/googlemaps-3.43.3.tgz",
      "integrity": "sha512-ZWNoz/O8MPEpiajvj7QiqCY8tTLFNqNZ/a+s+zTV58wFVNAvvqV4bdGfnsjTb5Cs4V6wEsLrX8XRhmnyYJ2Tdg=="
    },
    "node_modules/faker": {
      "version": "5.5.1",
      "resolved": "https://registry.npmjs.org/faker/-/faker-5.5.1.tgz",
      "integrity": "sha512-JCFXcVesClQ6RlSWmBMFQmGDAZq6hjbJAFgKALx31uPaQC6p3SWT2ojaJGD8bMQri+8VNqDOkI2F8QC+ABvZng=="
    },
    "node_modules/typescript": {
      "version": "4.2.3",
      "resolved": "https://registry.npmjs.org/typescript/-/typescript-4.2.3.tgz",
      "integrity": "sha512-qOcYwxaByStAWrBf4x0fibwZvMRG+r4cQoTjbPtUlrWjBHbmCAww1i448U0GJ+3cNNEtebDteo/cHOR3xJ4wEw==",
      "dev": true,
      "bin": {
        "tsc": "bin/tsc",
        "tsserver": "bin/tsserver"
      },
      "engines": {
        "node": ">=4.2.0"
      }
    }
  },
  "dependencies": {
    "@types/faker": {
      "version": "5.1.7",
      "resolved": "https://registry.npmjs.org/@types/faker/-/faker-5.1.7.tgz",
      "integrity": "sha512-ByseCEyhb+64fapaFR/yASUfAU+Ia4LpCnHhoNMQJFSIBvbtFoEZQB0elwrSF/idpKL5OZvmZhCCukGV8Zi22w=="
    },
    "@types/googlemaps": {
      "version": "3.43.3",
      "resolved": "https://registry.npmjs.org/@types/googlemaps/-/googlemaps-3.43.3.tgz",
      "integrity": "sha512-ZWNoz/O8MPEpiajvj7QiqCY8tTLFNqNZ/a+s+zTV58wFVNAvvqV4bdGfnsjTb5Cs4V6wEsLrX8XRhmnyYJ2Tdg=="
    },
    "faker": {
      "version": "5.5.1",
      "resolved": "https://registry.npmjs.org/faker/-/faker-5.5.1.tgz",
      "integrity": "sha512-JCFXcVesClQ6RlSWmBMFQmGDAZq6hjbJAFgKALx31uPaQC6p3SWT2ojaJGD8bMQri+8VNqDOkI2F8QC+ABvZng=="
    },
    "typescript": {
      "version": "4.2.3",
      "resolved": "https://registry.npmjs.org/typescript/-/typescript-4.2.3.tgz",
      "integrity": "sha512-qOcYwxaByStAWrBf4x0fibwZvMRG+r4cQoTjbPtUlrWjBHbmCAww1i448U0GJ+3cNNEtebDteo/cHOR3xJ4wEw==",
      "dev": true
    }
  }
}
